<?xml version="1.0" encoding="utf-8"?>
<Project ToolsVersion="4.0" xmlns="http://schemas.microsoft.com/developer/msbuild/2003">
  <ItemGroup>
    <Filter Include="Source Files">
      <UniqueIdentifier>{4FC737F1-C7A5-4376-A066-2A32D752A2FF}</UniqueIdentifier>
      <Extensions>cpp;c;cc;cxx;c++;cppm;ixx;def;odl;idl;hpj;bat;asm;asmx</Extensions>
    </Filter>
    <Filter Include="Engine">
      <UniqueIdentifier>{94fe8efc-3cf7-4809-817a-2c91146c183f}</UniqueIdentifier>
    </Filter>
    <Filter Include="Engine\Header">
      <UniqueIdentifier>{4844e07a-0d57-49b1-be67-d4f424ff3468}</UniqueIdentifier>
    </Filter>
    <Filter Include="Engine\External">
      <UniqueIdentifier>{ae4a88c3-e650-4700-8958-8baccd5e0268}</UniqueIdentifier>
    </Filter>
    <Filter Include="Header Files">
      <UniqueIdentifier>{93995380-89BD-4b04-88EB-625FBE52EBFB}</UniqueIdentifier>
      <Extensions>h;hh;hpp;hxx;h++;hm;inl;inc;ipp;xsd</Extensions>
    </Filter>
    <Filter Include="Shaders">
      <UniqueIdentifier>{d9e80f0e-77a3-41cd-a6de-da0eeedde3f7}</UniqueIdentifier>
    </Filter>
    <Filter Include="Components">
      <UniqueIdentifier>{e182182d-4e4f-42c2-8edc-76ba3d7f21cf}</UniqueIdentifier>
    </Filter>
    <Filter Include="Components\Base Classes">
      <UniqueIdentifier>{1cfec75e-97fa-494b-85b4-cd1315505906}</UniqueIdentifier>
    </Filter>
    <Filter Include="Source Files\Scenes">
      <UniqueIdentifier>{f893a9f3-f310-4cc5-abf7-8db757aabbc7}</UniqueIdentifier>
    </Filter>
    <Filter Include="Engine\Audio">
      <UniqueIdentifier>{33415082-78f4-4d63-b135-4b553d27583b}</UniqueIdentifier>
    </Filter>
    <Filter Include="Source Files\AudioController">
      <UniqueIdentifier>{1b74c311-b989-43b9-8016-f74e7cfa3e8e}</UniqueIdentifier>
    </Filter>
    <Filter Include="Engine\Text">
      <UniqueIdentifier>{542a6913-5df3-4595-b7f9-8d468fc0f187}</UniqueIdentifier>
    </Filter>
    <Filter Include="Engine\BlendMode">
      <UniqueIdentifier>{7446f2ee-c52c-4b23-aa33-ab73ee2f6f51}</UniqueIdentifier>
    </Filter>
    <Filter Include="Engine\Camera">
      <UniqueIdentifier>{5ff13701-0dfb-4300-9219-962ee26f77ce}</UniqueIdentifier>
    </Filter>
    <Filter Include="Engine\Collision">
      <UniqueIdentifier>{e69baf3b-fba9-4e20-a023-71ed384aed21}</UniqueIdentifier>
    </Filter>
    <Filter Include="Engine\Debug Primitives">
      <UniqueIdentifier>{f9227a40-13f9-4907-a055-65a44d180766}</UniqueIdentifier>
    </Filter>
    <Filter Include="Engine\DirectX11">
      <UniqueIdentifier>{5e68f97e-4e98-4369-863c-1b47645ebee8}</UniqueIdentifier>
    </Filter>
    <Filter Include="Engine\Drag and Drop">
      <UniqueIdentifier>{07439a85-95f9-4175-80a6-094f3bd53d1f}</UniqueIdentifier>
    </Filter>
    <Filter Include="Engine\Input Manager">
      <UniqueIdentifier>{14cd12de-5a0e-4052-8c56-117a8bab14b2}</UniqueIdentifier>
    </Filter>
    <Filter Include="Engine\Lighting">
      <UniqueIdentifier>{5181323f-9a2e-4974-b3e5-dad0f1f87ec2}</UniqueIdentifier>
    </Filter>
    <Filter Include="Engine\Model">
      <UniqueIdentifier>{e8af09d5-e5da-424c-947f-bf1f4c05d3e4}</UniqueIdentifier>
    </Filter>
    <Filter Include="Engine\Rasterizer Manager">
      <UniqueIdentifier>{0d38783f-c7f6-4889-b01b-d0a78d2bae30}</UniqueIdentifier>
    </Filter>
    <Filter Include="Engine\Resource Manager">
      <UniqueIdentifier>{e2062893-0e09-42d0-8410-3607381994cd}</UniqueIdentifier>
    </Filter>
    <Filter Include="Engine\Shaders">
      <UniqueIdentifier>{bbba8e28-94ca-4aed-a93b-949a908f64c8}</UniqueIdentifier>
    </Filter>
    <Filter Include="Engine\Sprite">
      <UniqueIdentifier>{214436eb-ac5a-405b-a786-39c3ba8e944b}</UniqueIdentifier>
    </Filter>
    <Filter Include="Engine\Main System Files">
      <UniqueIdentifier>{e66bca12-18aa-494e-b368-07a684b2964a}</UniqueIdentifier>
    </Filter>
    <Filter Include="Engine\Effects">
      <UniqueIdentifier>{f0616519-8ef3-4a07-8732-f0406dcafe44}</UniqueIdentifier>
    </Filter>
    <Filter Include="Components\BGM">
      <UniqueIdentifier>{c4cfb011-1a33-46a8-8c92-796d1a870868}</UniqueIdentifier>
    </Filter>
    <Filter Include="Components\Capsule Collider">
      <UniqueIdentifier>{f9c7abae-116a-4ef1-89d6-4e447c3abff3}</UniqueIdentifier>
    </Filter>
    <Filter Include="Components\Directional Light">
      <UniqueIdentifier>{6ba22507-5bb6-4363-a18e-38529dc41f30}</UniqueIdentifier>
    </Filter>
    <Filter Include="Components\Enemy Controller">
      <UniqueIdentifier>{4924f936-fbe2-4a8f-80d9-329cc700659a}</UniqueIdentifier>
    </Filter>
    <Filter Include="Components\Environmental Audio">
      <UniqueIdentifier>{61039196-0a5a-4618-a079-26563ab8d4e4}</UniqueIdentifier>
    </Filter>
    <Filter Include="Components\Mesh">
      <UniqueIdentifier>{d041846f-bb8a-405d-bc6a-1c3715da7bd5}</UniqueIdentifier>
    </Filter>
    <Filter Include="Components\Mesh Collider">
      <UniqueIdentifier>{1c910502-aebe-4f92-9ed2-027a5b279d07}</UniqueIdentifier>
    </Filter>
    <Filter Include="Components\OBB Collider">
      <UniqueIdentifier>{bb8f1b41-95de-4ec0-86ba-8ecf0dfcab4f}</UniqueIdentifier>
    </Filter>
    <Filter Include="Components\Unused Components">
      <UniqueIdentifier>{0840ea53-f288-4ddd-b15d-c1fb06a416ad}</UniqueIdentifier>
    </Filter>
    <Filter Include="Components\Unused Components\OBB Terrain">
      <UniqueIdentifier>{e800d925-b9ba-4754-b0c1-9a67dab1949f}</UniqueIdentifier>
    </Filter>
    <Filter Include="Components\Unused Components\Effect">
      <UniqueIdentifier>{e6a9ccac-094f-4ac8-9652-d623f8ce93ef}</UniqueIdentifier>
    </Filter>
    <Filter Include="Components\Unused Components\CAMERA_COMPONENT">
      <UniqueIdentifier>{2d281bbb-7c3b-4a41-9937-edb38b18e5c6}</UniqueIdentifier>
    </Filter>
    <Filter Include="Components\Player Controller">
      <UniqueIdentifier>{35fa836d-8214-4429-ad0a-e45c53e8d9ac}</UniqueIdentifier>
    </Filter>
    <Filter Include="Components\Point Light">
      <UniqueIdentifier>{efde8acd-5455-4726-9dcc-173fa08b4538}</UniqueIdentifier>
    </Filter>
    <Filter Include="Components\Sphere Collider">
      <UniqueIdentifier>{4f6a9a15-9d09-4ff9-8e66-625f3a7adc87}</UniqueIdentifier>
    </Filter>
    <Filter Include="Components\Spotlight">
      <UniqueIdentifier>{f20d8378-942b-4e59-a2c6-cffb5e1f9bd6}</UniqueIdentifier>
    </Filter>
    <Filter Include="Components\Sprite 2D">
      <UniqueIdentifier>{6a826715-95fc-4d53-b0fe-c67fd87dc5a5}</UniqueIdentifier>
    </Filter>
    <Filter Include="Components\Terrain Audio">
      <UniqueIdentifier>{764b313f-2077-4d4f-9d12-d19683e37059}</UniqueIdentifier>
    </Filter>
    <Filter Include="Components\Transform 2D">
      <UniqueIdentifier>{8c591db2-7586-4b9f-899d-d17450679558}</UniqueIdentifier>
    </Filter>
    <Filter Include="Components\Transform 3D">
      <UniqueIdentifier>{600a9837-6df4-4982-8aba-e6121110ed22}</UniqueIdentifier>
    </Filter>
    <Filter Include="Source Files\DialogueManager">
      <UniqueIdentifier>{1c211116-b97e-4698-aa8a-5bf62992261b}</UniqueIdentifier>
    </Filter>
    <Filter Include="Source Files\GameObject">
      <UniqueIdentifier>{530aa874-d386-42aa-bcdf-3d02ceb806a9}</UniqueIdentifier>
    </Filter>
    <Filter Include="Components\Dialogue">
      <UniqueIdentifier>{006d95b8-c4d0-4b5a-9eda-f64d113e4e0f}</UniqueIdentifier>
    </Filter>
    <Filter Include="Engine\Math">
      <UniqueIdentifier>{d0e1859b-c692-44da-ad1e-1b3bbcb4b550}</UniqueIdentifier>
    </Filter>
    <Filter Include="Engine\Shaders\Individual shaders">
      <UniqueIdentifier>{b26534f5-9d5c-48ad-8deb-fca3b2a5ea2c}</UniqueIdentifier>
    </Filter>
    <Filter Include="Engine\Shaders\Individual shaders\Skybox">
      <UniqueIdentifier>{3125e65a-c9e2-4074-8dc5-d5e3b4b5146a}</UniqueIdentifier>
    </Filter>
    <Filter Include="Engine\Sampler">
      <UniqueIdentifier>{f4a7f6a2-35df-4b7f-a39c-785e2d8258d7}</UniqueIdentifier>
    </Filter>
    <Filter Include="Engine\Shaders\Individual shaders\Phong Shader">
      <UniqueIdentifier>{8cf2960a-415d-49c6-b3c8-f04bf6d35cb4}</UniqueIdentifier>
    </Filter>
    <Filter Include="Engine\Shaders\Individual shaders\DebugShader3D">
      <UniqueIdentifier>{f115379d-51b6-487f-8f0c-fff4e69a9c84}</UniqueIdentifier>
    </Filter>
    <Filter Include="Engine\Shaders\Base">
      <UniqueIdentifier>{36f241ee-ceb0-4553-a6ce-da5fd3f2cb86}</UniqueIdentifier>
    </Filter>
    <Filter Include="Engine\Shaders\Base\ShaderManager">
      <UniqueIdentifier>{171af6d9-6cbb-443d-b9cd-98eaa097564e}</UniqueIdentifier>
    </Filter>
    <Filter Include="Engine\Shaders\Individual shaders\BaseShader3D">
      <UniqueIdentifier>{d2203027-e922-44b3-a786-f43c0e7944b1}</UniqueIdentifier>
    </Filter>
    <Filter Include="Engine\Shaders\Individual shaders\Shader2D">
      <UniqueIdentifier>{13382f29-31ad-4890-be3a-e6f9f1988d3a}</UniqueIdentifier>
    </Filter>
    <Filter Include="Engine\Shaders\Individual shaders\OutlineShader 3D">
      <UniqueIdentifier>{1e0f12ea-d81f-4ce1-92d0-b4e51241ef4b}</UniqueIdentifier>
    </Filter>
    <Filter Include="Engine\DepthStencilState Manager">
      <UniqueIdentifier>{5450fd59-0a7d-49cf-8f3e-1e7d70855ba7}</UniqueIdentifier>
    </Filter>
    <Filter Include="Engine\Texture">
      <UniqueIdentifier>{3b40b060-3ab5-427b-9aaa-59650c37e5d7}</UniqueIdentifier>
    </Filter>
    <Filter Include="Engine\Audio\AudioStates">
      <UniqueIdentifier>{88005a0b-da38-4aef-96b4-34bf3e4ff9df}</UniqueIdentifier>
    </Filter>
  </ItemGroup>
  <ItemGroup>
    <ClCompile Include="SourceCode\GUI.cpp">
      <Filter>Source Files</Filter>
    </ClCompile>
    <ClCompile Include="External\ImGui\imgui.cpp">
      <Filter>Engine\External</Filter>
    </ClCompile>
    <ClCompile Include="External\ImGui\imgui_demo.cpp">
      <Filter>Engine\External</Filter>
    </ClCompile>
    <ClCompile Include="External\ImGui\imgui_draw.cpp">
      <Filter>Engine\External</Filter>
    </ClCompile>
    <ClCompile Include="External\ImGui\imgui_impl_dx11.cpp">
      <Filter>Engine\External</Filter>
    </ClCompile>
    <ClCompile Include="External\ImGui\imgui_impl_win32.cpp">
      <Filter>Engine\External</Filter>
    </ClCompile>
    <ClCompile Include="External\ImGui\imgui_tables.cpp">
      <Filter>Engine\External</Filter>
    </ClCompile>
    <ClCompile Include="External\ImGui\imgui_widgets.cpp">
      <Filter>Engine\External</Filter>
    </ClCompile>
    <ClCompile Include="SourceCode\Components\Base Classes\DataManager.cpp">
      <Filter>Components\Base Classes</Filter>
    </ClCompile>
    <ClCompile Include="SourceCode\Components\Base Classes\Component.cpp">
      <Filter>Components\Base Classes</Filter>
    </ClCompile>
    <ClCompile Include="SourceCode\Components\Base Classes\ComponentCreator.cpp">
      <Filter>Components\Base Classes</Filter>
    </ClCompile>
    <ClCompile Include="SourceCode\OBJECT_DATA.cpp">
      <Filter>Source Files</Filter>
    </ClCompile>
    <ClCompile Include="SourceCode\STAGE_UI.cpp">
      <Filter>Source Files</Filter>
    </ClCompile>
    <ClCompile Include="SourceCode\Engine\Graphics.cpp">
      <Filter>Source Files</Filter>
    </ClCompile>
    <ClCompile Include="SourceCode\Scenes\SceneManager.cpp">
      <Filter>Source Files\Scenes</Filter>
    </ClCompile>
    <ClCompile Include="SourceCode\Scenes\SceneUI.cpp">
      <Filter>Source Files\Scenes</Filter>
    </ClCompile>
    <ClCompile Include="SourceCode\Scenes\SceneDemo.cpp">
      <Filter>Source Files\Scenes</Filter>
    </ClCompile>
    <ClCompile Include="SourceCode\Engine\Audio.cpp">
      <Filter>Engine\Audio</Filter>
    </ClCompile>
    <ClCompile Include="SourceCode\Audio\AudioController.cpp">
      <Filter>Source Files\AudioController</Filter>
    </ClCompile>
    <ClCompile Include="SourceCode\Scenes\Scene.cpp">
      <Filter>Source Files\Scenes</Filter>
    </ClCompile>
    <ClCompile Include="SourceCode\Engine\BlendMode.cpp">
      <Filter>Engine\BlendMode</Filter>
    </ClCompile>
    <ClCompile Include="SourceCode\Engine\Camera.cpp">
      <Filter>Engine\Camera</Filter>
    </ClCompile>
    <ClCompile Include="SourceCode\Engine\COLLISION.cpp">
      <Filter>Engine\Collision</Filter>
    </ClCompile>
    <ClCompile Include="SourceCode\Engine\DEBUG_MANAGER.cpp">
      <Filter>Engine\Debug Primitives</Filter>
    </ClCompile>
    <ClCompile Include="SourceCode\Engine\DEBUG_PRIMITIVE.cpp">
      <Filter>Engine\Debug Primitives</Filter>
    </ClCompile>
    <ClCompile Include="SourceCode\Engine\DirectX11.cpp">
      <Filter>Engine\DirectX11</Filter>
    </ClCompile>
    <ClCompile Include="SourceCode\Engine\DROPMANAGER.cpp">
      <Filter>Engine\Drag and Drop</Filter>
    </ClCompile>
    <ClCompile Include="SourceCode\Engine\Input.cpp">
      <Filter>Engine\Input Manager</Filter>
    </ClCompile>
    <ClCompile Include="SourceCode\Engine\LIGHTING.cpp">
      <Filter>Engine\Lighting</Filter>
    </ClCompile>
    <ClCompile Include="SourceCode\Engine\MODEL.cpp">
      <Filter>Engine\Model</Filter>
    </ClCompile>
    <ClCompile Include="SourceCode\Engine\MODEL_RESOURCE.cpp">
      <Filter>Engine\Model</Filter>
    </ClCompile>
    <ClCompile Include="SourceCode\Engine\Rasterizer.cpp">
      <Filter>Engine\Rasterizer Manager</Filter>
    </ClCompile>
    <ClCompile Include="SourceCode\Engine\ResourceManager.cpp">
      <Filter>Engine\Resource Manager</Filter>
    </ClCompile>
    <ClCompile Include="SourceCode\Engine\Sprite.cpp">
      <Filter>Engine\Sprite</Filter>
    </ClCompile>
    <ClCompile Include="SourceCode\Engine\System.cpp">
      <Filter>Engine\Main System Files</Filter>
    </ClCompile>
    <ClCompile Include="SourceCode\Engine\Main.cpp">
      <Filter>Engine\Main System Files</Filter>
    </ClCompile>
    <ClCompile Include="SourceCode\Engine\EFFECTS.cpp">
      <Filter>Engine\Effects</Filter>
    </ClCompile>
    <ClCompile Include="SourceCode\Engine\Text.cpp">
      <Filter>Engine\Text</Filter>
    </ClCompile>
    <ClCompile Include="SourceCode\Components\BGMComponent.cpp">
      <Filter>Components\BGM</Filter>
    </ClCompile>
    <ClCompile Include="SourceCode\Components\Camera_Component.cpp">
      <Filter>Components\Unused Components\CAMERA_COMPONENT</Filter>
    </ClCompile>
    <ClCompile Include="SourceCode\Components\CapsuleCollider.cpp">
      <Filter>Components\Capsule Collider</Filter>
    </ClCompile>
    <ClCompile Include="SourceCode\Components\DirectionalLight.cpp">
      <Filter>Components\Directional Light</Filter>
    </ClCompile>
    <ClCompile Include="SourceCode\Components\Effect_Component.cpp">
      <Filter>Components\Unused Components\Effect</Filter>
    </ClCompile>
    <ClCompile Include="SourceCode\Components\EnemyController.cpp">
      <Filter>Components\Enemy Controller</Filter>
    </ClCompile>
    <ClCompile Include="SourceCode\Components\EnvironmentalAudio.cpp">
      <Filter>Components\Environmental Audio</Filter>
    </ClCompile>
    <ClCompile Include="SourceCode\Components\Mesh.cpp">
      <Filter>Components\Mesh</Filter>
    </ClCompile>
    <ClCompile Include="SourceCode\Components\MeshCollider.cpp">
      <Filter>Components\Mesh Collider</Filter>
    </ClCompile>
    <ClCompile Include="SourceCode\Components\OBBCollider.cpp">
      <Filter>Components\OBB Collider</Filter>
    </ClCompile>
    <ClCompile Include="SourceCode\Components\OBBTerrain.cpp">
      <Filter>Components\Unused Components\OBB Terrain</Filter>
    </ClCompile>
    <ClCompile Include="SourceCode\Components\PlayerController.cpp">
      <Filter>Components\Player Controller</Filter>
    </ClCompile>
    <ClCompile Include="SourceCode\Components\PointLight.cpp">
      <Filter>Components\Point Light</Filter>
    </ClCompile>
    <ClCompile Include="SourceCode\Components\SphereCollider.cpp">
      <Filter>Components\Sphere Collider</Filter>
    </ClCompile>
    <ClCompile Include="SourceCode\Components\SpotLight.cpp">
      <Filter>Components\Spotlight</Filter>
    </ClCompile>
    <ClCompile Include="SourceCode\Components\Sprite2D.cpp">
      <Filter>Components\Sprite 2D</Filter>
    </ClCompile>
    <ClCompile Include="SourceCode\Components\TerrainAudio.cpp">
      <Filter>Components\Terrain Audio</Filter>
    </ClCompile>
    <ClCompile Include="SourceCode\Components\Transform2D.cpp">
      <Filter>Components\Transform 2D</Filter>
    </ClCompile>
    <ClCompile Include="SourceCode\Components\Transform3D.cpp">
      <Filter>Components\Transform 3D</Filter>
    </ClCompile>
    <ClCompile Include="SourceCode\Components\Dialogue.cpp">
      <Filter>Components\Dialogue</Filter>
    </ClCompile>
    <ClCompile Include="SourceCode\DialogueController.cpp">
      <Filter>Source Files\DialogueManager</Filter>
    </ClCompile>
    <ClCompile Include="SourceCode\GameObject.cpp">
      <Filter>Source Files\GameObject</Filter>
    </ClCompile>
    <ClCompile Include="SourceCode\GameObject_2D.cpp">
      <Filter>Source Files\GameObject</Filter>
    </ClCompile>
    <ClCompile Include="SourceCode\Engine\Math.cpp">
      <Filter>Engine\Math</Filter>
    </ClCompile>
    <ClCompile Include="SourceCode\Engine\Shaders\SkyboxShader.cpp">
      <Filter>Engine\Shaders\Individual shaders\Skybox</Filter>
    </ClCompile>
    <ClCompile Include="SourceCode\Engine\SamplerStateManager.cpp">
      <Filter>Engine\Sampler</Filter>
    </ClCompile>
    <ClCompile Include="SourceCode\Engine\Shaders\Shader.cpp">
      <Filter>Engine\Shaders\Base</Filter>
    </ClCompile>
    <ClCompile Include="SourceCode\Engine\Shaders\PhongShader.cpp">
      <Filter>Engine\Shaders\Individual shaders\Phong Shader</Filter>
    </ClCompile>
    <ClCompile Include="SourceCode\Engine\Shaders\DebugShader3D.cpp">
      <Filter>Engine\Shaders\Individual shaders\DebugShader3D</Filter>
    </ClCompile>
    <ClCompile Include="SourceCode\Engine\Shaders\BaseShader3D.cpp">
      <Filter>Engine\Shaders\Individual shaders\BaseShader3D</Filter>
    </ClCompile>
    <ClCompile Include="SourceCode\Engine\Shaders\Shader2D.cpp">
      <Filter>Engine\Shaders\Individual shaders\Shader2D</Filter>
    </ClCompile>
    <ClCompile Include="SourceCode\Engine\Shaders\OutlineShader.cpp">
      <Filter>Engine\Shaders\Individual shaders\OutlineShader 3D</Filter>
    </ClCompile>
    <ClCompile Include="SourceCode\Engine\Shaders\ShaderManager.cpp">
      <Filter>Engine\Shaders\Base\ShaderManager</Filter>
    </ClCompile>
    <ClCompile Include="SourceCode\Engine\DepthStencilStateManager.cpp">
      <Filter>Engine\DepthStencilState Manager</Filter>
    </ClCompile>
    <ClCompile Include="SourceCode\Engine\TextureManager.cpp">
      <Filter>Engine\Texture</Filter>
    </ClCompile>
    <ClCompile Include="SourceCode\Engine\Texture.cpp">
      <Filter>Engine\Texture</Filter>
    </ClCompile>
    <ClCompile Include="SourceCode\Engine\Audio\AudioFileAnalyzer.cpp">
      <Filter>Engine\Audio</Filter>
    </ClCompile>
    <ClCompile Include="SourceCode\Engine\AudioStates\AudioStateFade.cpp">
      <Filter>Engine\Audio\AudioStates</Filter>
    </ClCompile>
    <ClCompile Include="SourceCode\Engine\AudioStates\AudioStateFadeIn.cpp">
      <Filter>Engine\Audio\AudioStates</Filter>
    </ClCompile>
    <ClCompile Include="SourceCode\Engine\AudioStates\AudioStateFadeOut.cpp">
      <Filter>Engine\Audio\AudioStates</Filter>
    </ClCompile>
    <ClCompile Include="SourceCode\Engine\AudioStates\AudioStatePause.cpp">
      <Filter>Engine\Audio\AudioStates</Filter>
    </ClCompile>
    <ClCompile Include="SourceCode\Engine\AudioStates\AudioStatePlay.cpp">
      <Filter>Engine\Audio\AudioStates</Filter>
    </ClCompile>
    <ClCompile Include="SourceCode\Engine\AudioStates\AudioStates.cpp">
      <Filter>Engine\Audio\AudioStates</Filter>
    </ClCompile>
  </ItemGroup>
  <ItemGroup>
    <ClInclude Include="SourceCode\Graphics.h">
      <Filter>Header Files</Filter>
    </ClInclude>
    <ClInclude Include="SourceCode\GUI.h">
      <Filter>Header Files</Filter>
    </ClInclude>
    <ClInclude Include="SourceCode\STAGE_UI.h">
      <Filter>Header Files</Filter>
    </ClInclude>
    <ClInclude Include="SourceCode\OBJECT_DATA.h">
      <Filter>Header Files</Filter>
    </ClInclude>
    <ClInclude Include="External\ImGui\imconfig.h">
      <Filter>Engine\External</Filter>
    </ClInclude>
    <ClInclude Include="External\ImGui\imfilebrowser.h">
      <Filter>Engine\External</Filter>
    </ClInclude>
    <ClInclude Include="External\ImGui\imgui.h">
      <Filter>Engine\External</Filter>
    </ClInclude>
    <ClInclude Include="External\ImGui\imgui_impl_dx11.h">
      <Filter>Engine\External</Filter>
    </ClInclude>
    <ClInclude Include="External\ImGui\imgui_impl_win32.h">
      <Filter>Engine\External</Filter>
    </ClInclude>
    <ClInclude Include="External\ImGui\imgui_internal.h">
      <Filter>Engine\External</Filter>
    </ClInclude>
    <ClInclude Include="External\ImGui\imstb_rectpack.h">
      <Filter>Engine\External</Filter>
    </ClInclude>
    <ClInclude Include="External\ImGui\imstb_textedit.h">
      <Filter>Engine\External</Filter>
    </ClInclude>
    <ClInclude Include="External\ImGui\imstb_truetype.h">
      <Filter>Engine\External</Filter>
    </ClInclude>
    <ClInclude Include="SourceCode\PERFORMANCE_COUNTER.h">
      <Filter>Header Files</Filter>
    </ClInclude>
    <ClInclude Include="SourceCode\Components\Base Classes\ComponentCreator.h">
      <Filter>Components\Base Classes</Filter>
    </ClInclude>
    <ClInclude Include="SourceCode\Components\Base Classes\ComponentData.h">
      <Filter>Components\Base Classes</Filter>
    </ClInclude>
    <ClInclude Include="SourceCode\Components\Base Classes\ComponentHeaders.h">
      <Filter>Components\Base Classes</Filter>
    </ClInclude>
    <ClInclude Include="SourceCode\Components\Base Classes\DataManager.h">
      <Filter>Components\Base Classes</Filter>
    </ClInclude>
    <ClInclude Include="SourceCode\Components\Base Classes\Component.h">
      <Filter>Components\Base Classes</Filter>
    </ClInclude>
    <ClInclude Include="SourceCode\Engine\PERFORMANCE_COUNTER.h">
      <Filter>Engine\Header</Filter>
    </ClInclude>
    <ClInclude Include="SourceCode\Engine\Singleton.h">
      <Filter>Engine\Header</Filter>
    </ClInclude>
    <ClInclude Include="SourceCode\Engine\Graphics.h">
      <Filter>Engine\Header</Filter>
    </ClInclude>
    <ClInclude Include="SourceCode\Engine\IMGUI.h">
      <Filter>Engine\Header</Filter>
    </ClInclude>
    <ClInclude Include="SourceCode\Engine\OBJECT.h">
      <Filter>Engine\Header</Filter>
    </ClInclude>
    <ClInclude Include="SourceCode\CerealHeaders.h">
      <Filter>Engine\Header</Filter>
    </ClInclude>
    <ClInclude Include="SourceCode\Scenes\SceneDemo.h">
      <Filter>Source Files\Scenes</Filter>
    </ClInclude>
    <ClInclude Include="SourceCode\Scenes\SceneUI.h">
      <Filter>Source Files\Scenes</Filter>
    </ClInclude>
    <ClInclude Include="SourceCode\Scenes\SceneManager.h">
      <Filter>Source Files\Scenes</Filter>
    </ClInclude>
    <ClInclude Include="SourceCode\Scenes\Scene.h">
      <Filter>Source Files\Scenes</Filter>
    </ClInclude>
    <ClInclude Include="SourceCode\Engine\Audio.h">
      <Filter>Engine\Audio</Filter>
    </ClInclude>
    <ClInclude Include="SourceCode\Engine\SoundEffect.h">
      <Filter>Engine\Audio</Filter>
    </ClInclude>
    <ClInclude Include="SourceCode\Audio\AudioController.h">
      <Filter>Source Files\AudioController</Filter>
    </ClInclude>
    <ClInclude Include="SourceCode\Engine\BlendMode.h">
      <Filter>Engine\BlendMode</Filter>
    </ClInclude>
    <ClInclude Include="SourceCode\Engine\Camera.h">
      <Filter>Engine\Camera</Filter>
    </ClInclude>
    <ClInclude Include="SourceCode\Engine\COLLISION.h">
      <Filter>Engine\Collision</Filter>
    </ClInclude>
    <ClInclude Include="SourceCode\Engine\DEBUG_MANAGER.h">
      <Filter>Engine\Debug Primitives</Filter>
    </ClInclude>
    <ClInclude Include="SourceCode\Engine\DEBUG_PRIMITIVE.h">
      <Filter>Engine\Debug Primitives</Filter>
    </ClInclude>
    <ClInclude Include="SourceCode\Engine\DirectX11.h">
      <Filter>Engine\DirectX11</Filter>
    </ClInclude>
    <ClInclude Include="SourceCode\Engine\DROPMANAGER.h">
      <Filter>Engine\Drag and Drop</Filter>
    </ClInclude>
    <ClInclude Include="SourceCode\Engine\Input.h">
      <Filter>Engine\Input Manager</Filter>
    </ClInclude>
    <ClInclude Include="SourceCode\Engine\LIGHTING.h">
      <Filter>Engine\Lighting</Filter>
    </ClInclude>
    <ClInclude Include="SourceCode\Engine\MODEL.h">
      <Filter>Engine\Model</Filter>
    </ClInclude>
    <ClInclude Include="SourceCode\Engine\MODEL_RESOURCE.h">
      <Filter>Engine\Model</Filter>
    </ClInclude>
    <ClInclude Include="SourceCode\Engine\Rasterizer.h">
      <Filter>Engine\Rasterizer Manager</Filter>
    </ClInclude>
    <ClInclude Include="SourceCode\Engine\ResourceManager.h">
      <Filter>Engine\Resource Manager</Filter>
    </ClInclude>
    <ClInclude Include="SourceCode\Engine\Sprite.h">
      <Filter>Engine\Sprite</Filter>
    </ClInclude>
    <ClInclude Include="SourceCode\Engine\System.h">
      <Filter>Engine\Main System Files</Filter>
    </ClInclude>
    <ClInclude Include="SourceCode\Engine\EFFECTS.h">
      <Filter>Engine\Effects</Filter>
    </ClInclude>
    <ClInclude Include="SourceCode\Engine\Text.h">
      <Filter>Engine\Text</Filter>
    </ClInclude>
    <ClInclude Include="SourceCode\Components\BGMComponent.h">
      <Filter>Components\BGM</Filter>
    </ClInclude>
    <ClInclude Include="SourceCode\Components\Camera_Component.h">
      <Filter>Components\Unused Components\CAMERA_COMPONENT</Filter>
    </ClInclude>
    <ClInclude Include="SourceCode\Components\CapsuleCollider.h">
      <Filter>Components\Capsule Collider</Filter>
    </ClInclude>
    <ClInclude Include="SourceCode\Components\DirectionalLight.h">
      <Filter>Components\Directional Light</Filter>
    </ClInclude>
    <ClInclude Include="SourceCode\Components\Effect_Component.h">
      <Filter>Components\Unused Components\Effect</Filter>
    </ClInclude>
    <ClInclude Include="SourceCode\Components\EnemyController.h">
      <Filter>Components\Enemy Controller</Filter>
    </ClInclude>
    <ClInclude Include="SourceCode\Components\EnvironmentalAudio.h">
      <Filter>Components\Environmental Audio</Filter>
    </ClInclude>
    <ClInclude Include="SourceCode\Components\Mesh.h">
      <Filter>Components\Mesh</Filter>
    </ClInclude>
    <ClInclude Include="SourceCode\Components\MeshCollider.h">
      <Filter>Components\Mesh Collider</Filter>
    </ClInclude>
    <ClInclude Include="SourceCode\Components\OBBCollider.h">
      <Filter>Components\OBB Collider</Filter>
    </ClInclude>
    <ClInclude Include="SourceCode\Components\OBBTerrain.h">
      <Filter>Components\Unused Components\OBB Terrain</Filter>
    </ClInclude>
    <ClInclude Include="SourceCode\Components\PlayerController.h">
      <Filter>Components\Player Controller</Filter>
    </ClInclude>
    <ClInclude Include="SourceCode\Components\PointLight.h">
      <Filter>Components\Point Light</Filter>
    </ClInclude>
    <ClInclude Include="SourceCode\Components\SphereCollider.h">
      <Filter>Components\Sphere Collider</Filter>
    </ClInclude>
    <ClInclude Include="SourceCode\Components\SpotLight.h">
      <Filter>Components\Spotlight</Filter>
    </ClInclude>
    <ClInclude Include="SourceCode\Components\Sprite2D.h">
      <Filter>Components\Sprite 2D</Filter>
    </ClInclude>
    <ClInclude Include="SourceCode\Components\TerrainAudio.h">
      <Filter>Components\Terrain Audio</Filter>
    </ClInclude>
    <ClInclude Include="SourceCode\Components\Transform2D.h">
      <Filter>Components\Transform 2D</Filter>
    </ClInclude>
    <ClInclude Include="SourceCode\Components\Transform3D.h">
      <Filter>Components\Transform 3D</Filter>
    </ClInclude>
    <ClInclude Include="SourceCode\Components\Dialogue.h">
      <Filter>Components\Dialogue</Filter>
    </ClInclude>
    <ClInclude Include="SourceCode\DialogueController.h">
      <Filter>Source Files\DialogueManager</Filter>
    </ClInclude>
    <ClInclude Include="SourceCode\GameObject.h">
      <Filter>Source Files\GameObject</Filter>
    </ClInclude>
    <ClInclude Include="SourceCode\GameObject_2D.h">
      <Filter>Source Files\GameObject</Filter>
    </ClInclude>
    <ClInclude Include="SourceCode\Engine\Math.h">
      <Filter>Engine\Math</Filter>
    </ClInclude>
    <ClInclude Include="SourceCode\Engine\Shaders\SkyboxShader.h">
      <Filter>Engine\Shaders\Individual shaders\Skybox</Filter>
    </ClInclude>
    <ClInclude Include="SourceCode\Engine\SamplerStateManager.h">
      <Filter>Engine\Sampler</Filter>
    </ClInclude>
    <ClInclude Include="SourceCode\Engine\Shaders\PhongShader.h">
      <Filter>Engine\Shaders\Individual shaders\Phong Shader</Filter>
    </ClInclude>
    <ClInclude Include="SourceCode\Engine\Shaders\Shader.h">
      <Filter>Engine\Shaders\Base</Filter>
    </ClInclude>
    <ClInclude Include="SourceCode\Engine\Shaders\DebugShader3D.h">
      <Filter>Engine\Shaders\Individual shaders\DebugShader3D</Filter>
    </ClInclude>
    <ClInclude Include="SourceCode\Engine\Shaders\BaseShader3D.h">
      <Filter>Engine\Shaders\Individual shaders\BaseShader3D</Filter>
    </ClInclude>
    <ClInclude Include="SourceCode\Engine\Shaders\Shader2D.h">
      <Filter>Engine\Shaders\Individual shaders\Shader2D</Filter>
    </ClInclude>
    <ClInclude Include="SourceCode\Engine\Shaders\OutlineShader.h">
      <Filter>Engine\Shaders\Individual shaders\OutlineShader 3D</Filter>
    </ClInclude>
    <ClInclude Include="SourceCode\Engine\Shaders\ShaderManager.h">
      <Filter>Engine\Shaders\Base\ShaderManager</Filter>
    </ClInclude>
    <ClInclude Include="SourceCode\Engine\DepthStencilStateManager.h">
      <Filter>Engine\DepthStencilState Manager</Filter>
    </ClInclude>
    <ClInclude Include="SourceCode\Engine\TextureManager.h">
      <Filter>Engine\Texture</Filter>
    </ClInclude>
    <ClInclude Include="SourceCode\Engine\Texture.h">
      <Filter>Engine\Texture</Filter>
    </ClInclude>
    <ClInclude Include="SourceCode\Engine\Audio\AudioFileAnalyzer.h">
      <Filter>Engine\Audio</Filter>
    </ClInclude>
    <ClInclude Include="SourceCode\Engine\AudioStates\AudioStateFade.h">
      <Filter>Engine\Audio\AudioStates</Filter>
    </ClInclude>
    <ClInclude Include="SourceCode\Engine\AudioStates\AudioStateFadeIn.h">
      <Filter>Engine\Audio\AudioStates</Filter>
    </ClInclude>
    <ClInclude Include="SourceCode\Engine\AudioStates\AudioStateFadeOut.h">
      <Filter>Engine\Audio\AudioStates</Filter>
    </ClInclude>
    <ClInclude Include="SourceCode\Engine\AudioStates\AudioStatePause.h">
      <Filter>Engine\Audio\AudioStates</Filter>
    </ClInclude>
    <ClInclude Include="SourceCode\Engine\AudioStates\AudioStatePlay.h">
      <Filter>Engine\Audio\AudioStates</Filter>
    </ClInclude>
    <ClInclude Include="SourceCode\Engine\AudioStates\AudioStates.h">
      <Filter>Engine\Audio\AudioStates</Filter>
    </ClInclude>
  </ItemGroup>
  <ItemGroup>
    <None Include="Shaders\PhongShader.fx">
      <Filter>Shaders</Filter>
    </None>
    <None Include="Shaders\Shader_2D.fx">
      <Filter>Shaders</Filter>
    </None>
    <None Include="Shaders\BaseShader3D.fx">
      <Filter>Shaders</Filter>
    </None>
    <None Include="Shaders\DebugShader.fx">
      <Filter>Shaders</Filter>
    </None>
    <None Include="Shaders\OutlineShader.fx">
      <Filter>Shaders</Filter>
    </None>
    <None Include="Shaders\SkyboxShader.fx">
      <Filter>Shaders</Filter>
    </None>
  </ItemGroup>
</Project>