<?xml version="1.0" encoding="utf-8"?>
<Project ToolsVersion="4.0" xmlns="http://schemas.microsoft.com/developer/msbuild/2003">
  <ItemGroup>
    <Filter Include="Source Files">
      <UniqueIdentifier>{4FC737F1-C7A5-4376-A066-2A32D752A2FF}</UniqueIdentifier>
      <Extensions>cpp;c;cc;cxx;c++;cppm;ixx;def;odl;idl;hpj;bat;asm;asmx</Extensions>
    </Filter>
    <Filter Include="Engine">
      <UniqueIdentifier>{94fe8efc-3cf7-4809-817a-2c91146c183f}</UniqueIdentifier>
    </Filter>
    <Filter Include="Engine\SourceCode">
      <UniqueIdentifier>{79b27989-1c68-4135-bffc-ded63594923b}</UniqueIdentifier>
    </Filter>
    <Filter Include="Engine\Header">
      <UniqueIdentifier>{4844e07a-0d57-49b1-be67-d4f424ff3468}</UniqueIdentifier>
    </Filter>
    <Filter Include="Engine\External">
      <UniqueIdentifier>{ae4a88c3-e650-4700-8958-8baccd5e0268}</UniqueIdentifier>
    </Filter>
    <Filter Include="Header Files">
      <UniqueIdentifier>{93995380-89BD-4b04-88EB-625FBE52EBFB}</UniqueIdentifier>
      <Extensions>h;hh;hpp;hxx;h++;hm;inl;inc;ipp;xsd</Extensions>
    </Filter>
    <Filter Include="Shaders">
      <UniqueIdentifier>{d9e80f0e-77a3-41cd-a6de-da0eeedde3f7}</UniqueIdentifier>
    </Filter>
    <Filter Include="Components">
      <UniqueIdentifier>{e182182d-4e4f-42c2-8edc-76ba3d7f21cf}</UniqueIdentifier>
    </Filter>
    <Filter Include="Components\Base Classes">
      <UniqueIdentifier>{1cfec75e-97fa-494b-85b4-cd1315505906}</UniqueIdentifier>
    </Filter>
    <Filter Include="Source Files\Scenes">
      <UniqueIdentifier>{f893a9f3-f310-4cc5-abf7-8db757aabbc7}</UniqueIdentifier>
    </Filter>
    <Filter Include="Engine\Audio">
      <UniqueIdentifier>{33415082-78f4-4d63-b135-4b553d27583b}</UniqueIdentifier>
    </Filter>
    <Filter Include="Source Files\AudioController">
      <UniqueIdentifier>{1b74c311-b989-43b9-8016-f74e7cfa3e8e}</UniqueIdentifier>
    </Filter>
    <Filter Include="Engine\Text">
      <UniqueIdentifier>{542a6913-5df3-4595-b7f9-8d468fc0f187}</UniqueIdentifier>
    </Filter>
    <Filter Include="Engine\BlendMode">
      <UniqueIdentifier>{7446f2ee-c52c-4b23-aa33-ab73ee2f6f51}</UniqueIdentifier>
    </Filter>
    <Filter Include="Engine\Camera">
      <UniqueIdentifier>{5ff13701-0dfb-4300-9219-962ee26f77ce}</UniqueIdentifier>
    </Filter>
    <Filter Include="Engine\Collision">
      <UniqueIdentifier>{e69baf3b-fba9-4e20-a023-71ed384aed21}</UniqueIdentifier>
    </Filter>
    <Filter Include="Engine\Debug Primitives">
      <UniqueIdentifier>{f9227a40-13f9-4907-a055-65a44d180766}</UniqueIdentifier>
    </Filter>
    <Filter Include="Engine\DirectX11">
      <UniqueIdentifier>{5e68f97e-4e98-4369-863c-1b47645ebee8}</UniqueIdentifier>
    </Filter>
    <Filter Include="Engine\Drag and Drop">
      <UniqueIdentifier>{07439a85-95f9-4175-80a6-094f3bd53d1f}</UniqueIdentifier>
    </Filter>
    <Filter Include="Engine\Input Manager">
      <UniqueIdentifier>{14cd12de-5a0e-4052-8c56-117a8bab14b2}</UniqueIdentifier>
    </Filter>
    <Filter Include="Engine\Lighting">
      <UniqueIdentifier>{5181323f-9a2e-4974-b3e5-dad0f1f87ec2}</UniqueIdentifier>
    </Filter>
    <Filter Include="Engine\Model">
      <UniqueIdentifier>{e8af09d5-e5da-424c-947f-bf1f4c05d3e4}</UniqueIdentifier>
    </Filter>
    <Filter Include="Engine\Rasterizer Manager">
      <UniqueIdentifier>{0d38783f-c7f6-4889-b01b-d0a78d2bae30}</UniqueIdentifier>
    </Filter>
    <Filter Include="Engine\Resource Manager">
      <UniqueIdentifier>{e2062893-0e09-42d0-8410-3607381994cd}</UniqueIdentifier>
    </Filter>
    <Filter Include="Engine\Shaders">
      <UniqueIdentifier>{bbba8e28-94ca-4aed-a93b-949a908f64c8}</UniqueIdentifier>
    </Filter>
    <Filter Include="Engine\Sprite">
      <UniqueIdentifier>{214436eb-ac5a-405b-a786-39c3ba8e944b}</UniqueIdentifier>
    </Filter>
    <Filter Include="Engine\Main System Files">
      <UniqueIdentifier>{e66bca12-18aa-494e-b368-07a684b2964a}</UniqueIdentifier>
    </Filter>
    <Filter Include="Engine\Effects">
      <UniqueIdentifier>{f0616519-8ef3-4a07-8732-f0406dcafe44}</UniqueIdentifier>
    </Filter>
    <Filter Include="Components\BGM">
      <UniqueIdentifier>{c4cfb011-1a33-46a8-8c92-796d1a870868}</UniqueIdentifier>
    </Filter>
    <Filter Include="Components\Capsule Collider">
      <UniqueIdentifier>{f9c7abae-116a-4ef1-89d6-4e447c3abff3}</UniqueIdentifier>
    </Filter>
    <Filter Include="Components\Directional Light">
      <UniqueIdentifier>{6ba22507-5bb6-4363-a18e-38529dc41f30}</UniqueIdentifier>
    </Filter>
    <Filter Include="Components\Enemy Controller">
      <UniqueIdentifier>{4924f936-fbe2-4a8f-80d9-329cc700659a}</UniqueIdentifier>
    </Filter>
    <Filter Include="Components\Environmental Audio">
      <UniqueIdentifier>{61039196-0a5a-4618-a079-26563ab8d4e4}</UniqueIdentifier>
    </Filter>
    <Filter Include="Components\Mesh">
      <UniqueIdentifier>{d041846f-bb8a-405d-bc6a-1c3715da7bd5}</UniqueIdentifier>
    </Filter>
    <Filter Include="Components\Mesh Collider">
      <UniqueIdentifier>{1c910502-aebe-4f92-9ed2-027a5b279d07}</UniqueIdentifier>
    </Filter>
    <Filter Include="Components\OBB Collider">
      <UniqueIdentifier>{bb8f1b41-95de-4ec0-86ba-8ecf0dfcab4f}</UniqueIdentifier>
    </Filter>
    <Filter Include="Components\Unused Components">
      <UniqueIdentifier>{0840ea53-f288-4ddd-b15d-c1fb06a416ad}</UniqueIdentifier>
    </Filter>
    <Filter Include="Components\Unused Components\OBB Terrain">
      <UniqueIdentifier>{e800d925-b9ba-4754-b0c1-9a67dab1949f}</UniqueIdentifier>
    </Filter>
    <Filter Include="Components\Unused Components\Effect">
      <UniqueIdentifier>{e6a9ccac-094f-4ac8-9652-d623f8ce93ef}</UniqueIdentifier>
    </Filter>
    <Filter Include="Components\Unused Components\CAMERA_COMPONENT">
      <UniqueIdentifier>{2d281bbb-7c3b-4a41-9937-edb38b18e5c6}</UniqueIdentifier>
    </Filter>
    <Filter Include="Components\Player Controller">
      <UniqueIdentifier>{35fa836d-8214-4429-ad0a-e45c53e8d9ac}</UniqueIdentifier>
    </Filter>
    <Filter Include="Components\Point Light">
      <UniqueIdentifier>{efde8acd-5455-4726-9dcc-173fa08b4538}</UniqueIdentifier>
    </Filter>
    <Filter Include="Components\Sphere Collider">
      <UniqueIdentifier>{4f6a9a15-9d09-4ff9-8e66-625f3a7adc87}</UniqueIdentifier>
    </Filter>
    <Filter Include="Components\Spotlight">
      <UniqueIdentifier>{f20d8378-942b-4e59-a2c6-cffb5e1f9bd6}</UniqueIdentifier>
    </Filter>
    <Filter Include="Components\Sprite 2D">
      <UniqueIdentifier>{6a826715-95fc-4d53-b0fe-c67fd87dc5a5}</UniqueIdentifier>
    </Filter>
    <Filter Include="Components\Terrain Audio">
      <UniqueIdentifier>{764b313f-2077-4d4f-9d12-d19683e37059}</UniqueIdentifier>
    </Filter>
    <Filter Include="Components\Transform 2D">
      <UniqueIdentifier>{8c591db2-7586-4b9f-899d-d17450679558}</UniqueIdentifier>
    </Filter>
    <Filter Include="Components\Transform 3D">
      <UniqueIdentifier>{600a9837-6df4-4982-8aba-e6121110ed22}</UniqueIdentifier>
    </Filter>
    <Filter Include="Components\NPC Dialogue">
      <UniqueIdentifier>{006d95b8-c4d0-4b5a-9eda-f64d113e4e0f}</UniqueIdentifier>
    </Filter>
  </ItemGroup>
  <ItemGroup>
    <ClCompile Include="SourceCode\GUI.cpp">
      <Filter>Source Files</Filter>
    </ClCompile>
    <ClCompile Include="SourceCode\GAMEOBJECT.cpp">
      <Filter>Source Files</Filter>
    </ClCompile>
    <ClCompile Include="External\ImGui\imgui.cpp">
      <Filter>Engine\External</Filter>
    </ClCompile>
    <ClCompile Include="External\ImGui\imgui_demo.cpp">
      <Filter>Engine\External</Filter>
    </ClCompile>
    <ClCompile Include="External\ImGui\imgui_draw.cpp">
      <Filter>Engine\External</Filter>
    </ClCompile>
    <ClCompile Include="External\ImGui\imgui_impl_dx11.cpp">
      <Filter>Engine\External</Filter>
    </ClCompile>
    <ClCompile Include="External\ImGui\imgui_impl_win32.cpp">
      <Filter>Engine\External</Filter>
    </ClCompile>
    <ClCompile Include="External\ImGui\imgui_tables.cpp">
      <Filter>Engine\External</Filter>
    </ClCompile>
    <ClCompile Include="External\ImGui\imgui_widgets.cpp">
      <Filter>Engine\External</Filter>
    </ClCompile>
    <ClCompile Include="SourceCode\Components\Base Classes\DATAMANAGER.cpp">
      <Filter>Components\Base Classes</Filter>
    </ClCompile>
    <ClCompile Include="SourceCode\Components\Base Classes\COMPONENT.cpp">
      <Filter>Components\Base Classes</Filter>
    </ClCompile>
    <ClCompile Include="SourceCode\Components\Base Classes\COMPONENT_CREATOR.cpp">
      <Filter>Components\Base Classes</Filter>
    </ClCompile>
    <ClCompile Include="SourceCode\OBJECT_DATA.cpp">
      <Filter>Source Files</Filter>
    </ClCompile>
    <ClCompile Include="SourceCode\STAGE_UI.cpp">
      <Filter>Source Files</Filter>
    </ClCompile>
    <ClCompile Include="SourceCode\GAMEOBJECT_2D.cpp">
      <Filter>Source Files</Filter>
    </ClCompile>
    <ClCompile Include="SourceCode\Engine\Graphics.cpp">
      <Filter>Source Files</Filter>
    </ClCompile>
    <ClCompile Include="SourceCode\Scenes\SCENEMANAGER.cpp">
      <Filter>Source Files\Scenes</Filter>
    </ClCompile>
    <ClCompile Include="SourceCode\Scenes\SCENE_UI.cpp">
      <Filter>Source Files\Scenes</Filter>
    </ClCompile>
    <ClCompile Include="SourceCode\Scenes\SCENE_DEMO.cpp">
      <Filter>Source Files\Scenes</Filter>
    </ClCompile>
    <ClCompile Include="SourceCode\Engine\Audio.cpp">
      <Filter>Engine\Audio</Filter>
    </ClCompile>
    <ClCompile Include="SourceCode\Engine\AudioStates\AudioStateFade.cpp">
      <Filter>Engine\Audio</Filter>
    </ClCompile>
    <ClCompile Include="SourceCode\Engine\AudioStates\AudioStatePause.cpp">
      <Filter>Engine\Audio</Filter>
    </ClCompile>
    <ClCompile Include="SourceCode\Engine\AudioStates\AudioStatePlay.cpp">
      <Filter>Engine\Audio</Filter>
    </ClCompile>
    <ClCompile Include="SourceCode\Engine\AudioStates\AudioStates.cpp">
      <Filter>Engine\Audio</Filter>
    </ClCompile>
    <ClCompile Include="SourceCode\Audio\AudioController.cpp">
      <Filter>Source Files\AudioController</Filter>
    </ClCompile>
    <ClCompile Include="SourceCode\Scenes\SCENE.cpp">
      <Filter>Source Files\Scenes</Filter>
    </ClCompile>
    <ClCompile Include="SourceCode\Engine\AudioStates\AudioStateFadeOut.cpp">
      <Filter>Engine\Audio</Filter>
    </ClCompile>
    <ClCompile Include="SourceCode\Engine\AudioStates\AudioStateFadeIn.cpp">
      <Filter>Engine\Audio</Filter>
    </ClCompile>
    <ClCompile Include="SourceCode\Engine\BlendMode.cpp">
      <Filter>Engine\BlendMode</Filter>
    </ClCompile>
    <ClCompile Include="SourceCode\Engine\Camera.cpp">
      <Filter>Engine\Camera</Filter>
    </ClCompile>
    <ClCompile Include="SourceCode\Engine\COLLISION.cpp">
      <Filter>Engine\Collision</Filter>
    </ClCompile>
    <ClCompile Include="SourceCode\Engine\DEBUG_MANAGER.cpp">
      <Filter>Engine\Debug Primitives</Filter>
    </ClCompile>
    <ClCompile Include="SourceCode\Engine\DEBUG_PRIMITIVE.cpp">
      <Filter>Engine\Debug Primitives</Filter>
    </ClCompile>
    <ClCompile Include="SourceCode\Engine\DirectX11.cpp">
      <Filter>Engine\DirectX11</Filter>
    </ClCompile>
    <ClCompile Include="SourceCode\Engine\DROPMANAGER.cpp">
      <Filter>Engine\Drag and Drop</Filter>
    </ClCompile>
    <ClCompile Include="SourceCode\Engine\Input.cpp">
      <Filter>Engine\Input Manager</Filter>
    </ClCompile>
    <ClCompile Include="SourceCode\Engine\LIGHTING.cpp">
      <Filter>Engine\Lighting</Filter>
    </ClCompile>
    <ClCompile Include="SourceCode\Engine\MODEL.cpp">
      <Filter>Engine\Model</Filter>
    </ClCompile>
    <ClCompile Include="SourceCode\Engine\MODEL_RESOURCE.cpp">
      <Filter>Engine\Model</Filter>
    </ClCompile>
    <ClCompile Include="SourceCode\Engine\RASTERIZER.cpp">
      <Filter>Engine\Rasterizer Manager</Filter>
    </ClCompile>
    <ClCompile Include="SourceCode\Engine\TEXTURE_MANAGER.cpp">
      <Filter>Engine\Resource Manager</Filter>
    </ClCompile>
    <ClCompile Include="SourceCode\Engine\ResourceManager.cpp">
      <Filter>Engine\Resource Manager</Filter>
    </ClCompile>
    <ClCompile Include="SourceCode\Engine\SHADERS.cpp">
      <Filter>Engine\Shaders</Filter>
    </ClCompile>
    <ClCompile Include="SourceCode\Engine\Sprite.cpp">
      <Filter>Engine\Sprite</Filter>
    </ClCompile>
    <ClCompile Include="SourceCode\Engine\System.cpp">
      <Filter>Engine\Main System Files</Filter>
    </ClCompile>
    <ClCompile Include="SourceCode\Engine\Main.cpp">
      <Filter>Engine\Main System Files</Filter>
    </ClCompile>
    <ClCompile Include="SourceCode\Engine\EFFECTS.cpp">
      <Filter>Engine\Effects</Filter>
    </ClCompile>
    <ClCompile Include="SourceCode\Engine\Text.cpp">
      <Filter>Engine\Text</Filter>
    </ClCompile>
    <ClCompile Include="SourceCode\Components\BGM.cpp">
      <Filter>Components\BGM</Filter>
    </ClCompile>
    <ClCompile Include="SourceCode\Components\CAMERA_COMPONENT.cpp">
      <Filter>Components\Unused Components\CAMERA_COMPONENT</Filter>
    </ClCompile>
    <ClCompile Include="SourceCode\Components\CAPSULE_COLLIDER.cpp">
      <Filter>Components\Capsule Collider</Filter>
    </ClCompile>
    <ClCompile Include="SourceCode\Components\DIRECTIONAL_LIGHT.cpp">
      <Filter>Components\Directional Light</Filter>
    </ClCompile>
    <ClCompile Include="SourceCode\Components\EFFECT.cpp">
      <Filter>Components\Unused Components\Effect</Filter>
    </ClCompile>
    <ClCompile Include="SourceCode\Components\ENEMY_CONTROLLER.cpp">
      <Filter>Components\Enemy Controller</Filter>
    </ClCompile>
    <ClCompile Include="SourceCode\Components\ENVIRONMENTAL_AUDIO.cpp">
      <Filter>Components\Environmental Audio</Filter>
    </ClCompile>
    <ClCompile Include="SourceCode\Components\MESH.cpp">
      <Filter>Components\Mesh</Filter>
    </ClCompile>
    <ClCompile Include="SourceCode\Components\MESH_COLLIDER.cpp">
      <Filter>Components\Mesh Collider</Filter>
    </ClCompile>
    <ClCompile Include="SourceCode\Components\OBB_COLLIDER.cpp">
      <Filter>Components\OBB Collider</Filter>
    </ClCompile>
    <ClCompile Include="SourceCode\Components\OBB_TERRAIN.cpp">
      <Filter>Components\Unused Components\OBB Terrain</Filter>
    </ClCompile>
    <ClCompile Include="SourceCode\Components\PLAYER_CONTROLLER.cpp">
      <Filter>Components\Player Controller</Filter>
    </ClCompile>
    <ClCompile Include="SourceCode\Components\POINT_LIGHT.cpp">
      <Filter>Components\Point Light</Filter>
    </ClCompile>
    <ClCompile Include="SourceCode\Components\SPHERE_COLLIDER.cpp">
      <Filter>Components\Sphere Collider</Filter>
    </ClCompile>
    <ClCompile Include="SourceCode\Components\SPOTLIGHT.cpp">
      <Filter>Components\Spotlight</Filter>
    </ClCompile>
    <ClCompile Include="SourceCode\Components\SPRITE_2D.cpp">
      <Filter>Components\Sprite 2D</Filter>
    </ClCompile>
    <ClCompile Include="SourceCode\Components\TERRAIN_AUDIO.cpp">
      <Filter>Components\Terrain Audio</Filter>
    </ClCompile>
    <ClCompile Include="SourceCode\Components\TRANSFORM_2D.cpp">
      <Filter>Components\Transform 2D</Filter>
    </ClCompile>
    <ClCompile Include="SourceCode\Components\TRANSFORM_3D.cpp">
      <Filter>Components\Transform 3D</Filter>
    </ClCompile>
  </ItemGroup>
  <ItemGroup>
    <ClInclude Include="SourceCode\Graphics.h">
      <Filter>Header Files</Filter>
    </ClInclude>
    <ClInclude Include="SourceCode\GUI.h">
      <Filter>Header Files</Filter>
    </ClInclude>
    <ClInclude Include="SourceCode\STAGE_UI.h">
      <Filter>Header Files</Filter>
    </ClInclude>
    <ClInclude Include="SourceCode\OBJECT_DATA.h">
      <Filter>Header Files</Filter>
    </ClInclude>
    <ClInclude Include="External\ImGui\imconfig.h">
      <Filter>Engine\External</Filter>
    </ClInclude>
    <ClInclude Include="External\ImGui\imfilebrowser.h">
      <Filter>Engine\External</Filter>
    </ClInclude>
    <ClInclude Include="External\ImGui\imgui.h">
      <Filter>Engine\External</Filter>
    </ClInclude>
    <ClInclude Include="External\ImGui\imgui_impl_dx11.h">
      <Filter>Engine\External</Filter>
    </ClInclude>
    <ClInclude Include="External\ImGui\imgui_impl_win32.h">
      <Filter>Engine\External</Filter>
    </ClInclude>
    <ClInclude Include="External\ImGui\imgui_internal.h">
      <Filter>Engine\External</Filter>
    </ClInclude>
    <ClInclude Include="External\ImGui\imstb_rectpack.h">
      <Filter>Engine\External</Filter>
    </ClInclude>
    <ClInclude Include="External\ImGui\imstb_textedit.h">
      <Filter>Engine\External</Filter>
    </ClInclude>
    <ClInclude Include="External\ImGui\imstb_truetype.h">
      <Filter>Engine\External</Filter>
    </ClInclude>
    <ClInclude Include="SourceCode\PERFORMANCE_COUNTER.h">
      <Filter>Header Files</Filter>
    </ClInclude>
    <ClInclude Include="SourceCode\Components\Base Classes\COMPONENT_CREATOR.h">
      <Filter>Components\Base Classes</Filter>
    </ClInclude>
    <ClInclude Include="SourceCode\Components\Base Classes\COMPONENT_DATA.h">
      <Filter>Components\Base Classes</Filter>
    </ClInclude>
    <ClInclude Include="SourceCode\Components\Base Classes\COMPONENT_HEADERS.h">
      <Filter>Components\Base Classes</Filter>
    </ClInclude>
    <ClInclude Include="SourceCode\Components\Base Classes\DATAMANAGER.h">
      <Filter>Components\Base Classes</Filter>
    </ClInclude>
    <ClInclude Include="SourceCode\Components\Base Classes\COMPONENT.h">
      <Filter>Components\Base Classes</Filter>
    </ClInclude>
    <ClInclude Include="SourceCode\GAMEOBJECT_2D.h">
      <Filter>Header Files</Filter>
    </ClInclude>
    <ClInclude Include="SourceCode\GAMEOBJECT.h">
      <Filter>Header Files</Filter>
    </ClInclude>
    <ClInclude Include="SourceCode\Engine\PERFORMANCE_COUNTER.h">
      <Filter>Engine\Header</Filter>
    </ClInclude>
    <ClInclude Include="SourceCode\Engine\Singleton.h">
      <Filter>Engine\Header</Filter>
    </ClInclude>
    <ClInclude Include="SourceCode\Engine\Texture.h">
      <Filter>Engine\Header</Filter>
    </ClInclude>
    <ClInclude Include="SourceCode\Engine\DXMath.h">
      <Filter>Engine\Header</Filter>
    </ClInclude>
    <ClInclude Include="SourceCode\Engine\Graphics.h">
      <Filter>Engine\Header</Filter>
    </ClInclude>
    <ClInclude Include="SourceCode\Engine\IMGUI.h">
      <Filter>Engine\Header</Filter>
    </ClInclude>
    <ClInclude Include="SourceCode\Engine\OBJECT.h">
      <Filter>Engine\Header</Filter>
    </ClInclude>
    <ClInclude Include="SourceCode\CerealHeaders.h">
      <Filter>Engine\Header</Filter>
    </ClInclude>
    <ClInclude Include="SourceCode\Scenes\SCENE_DEMO.h">
      <Filter>Source Files\Scenes</Filter>
    </ClInclude>
    <ClInclude Include="SourceCode\Scenes\SCENE_UI.h">
      <Filter>Source Files\Scenes</Filter>
    </ClInclude>
    <ClInclude Include="SourceCode\Scenes\SCENEMANAGER.h">
      <Filter>Source Files\Scenes</Filter>
    </ClInclude>
    <ClInclude Include="SourceCode\Scenes\SCENE.h">
      <Filter>Source Files\Scenes</Filter>
    </ClInclude>
    <ClInclude Include="SourceCode\Engine\Audio.h">
      <Filter>Engine\Audio</Filter>
    </ClInclude>
    <ClInclude Include="SourceCode\Engine\AudioStates\AudioStateFade.h">
      <Filter>Engine\Audio</Filter>
    </ClInclude>
    <ClInclude Include="SourceCode\Engine\AudioStates\AudioStatePause.h">
      <Filter>Engine\Audio</Filter>
    </ClInclude>
    <ClInclude Include="SourceCode\Engine\AudioStates\AudioStatePlay.h">
      <Filter>Engine\Audio</Filter>
    </ClInclude>
    <ClInclude Include="SourceCode\Engine\AudioStates\AudioStates.h">
      <Filter>Engine\Audio</Filter>
    </ClInclude>
    <ClInclude Include="SourceCode\Engine\SoundEffect.h">
      <Filter>Engine\Audio</Filter>
    </ClInclude>
    <ClInclude Include="SourceCode\Audio\AudioController.h">
      <Filter>Source Files\AudioController</Filter>
    </ClInclude>
    <ClInclude Include="SourceCode\Engine\AudioStates\AudioStateFadeIn.h">
      <Filter>Engine\Audio</Filter>
    </ClInclude>
    <ClInclude Include="SourceCode\Engine\AudioStates\AudioStateFadeOut.h">
      <Filter>Engine\Audio</Filter>
    </ClInclude>
    <ClInclude Include="SourceCode\Engine\BlendMode.h">
      <Filter>Engine\BlendMode</Filter>
    </ClInclude>
    <ClInclude Include="SourceCode\Engine\Camera.h">
      <Filter>Engine\Camera</Filter>
    </ClInclude>
    <ClInclude Include="SourceCode\Engine\COLLISION.h">
      <Filter>Engine\Collision</Filter>
    </ClInclude>
    <ClInclude Include="SourceCode\Engine\DEBUG_MANAGER.h">
      <Filter>Engine\Debug Primitives</Filter>
    </ClInclude>
    <ClInclude Include="SourceCode\Engine\DEBUG_PRIMITIVE.h">
      <Filter>Engine\Debug Primitives</Filter>
    </ClInclude>
    <ClInclude Include="SourceCode\Engine\DirectX11.h">
      <Filter>Engine\DirectX11</Filter>
    </ClInclude>
    <ClInclude Include="SourceCode\Engine\DROPMANAGER.h">
      <Filter>Engine\Drag and Drop</Filter>
    </ClInclude>
    <ClInclude Include="SourceCode\Engine\Input.h">
      <Filter>Engine\Input Manager</Filter>
    </ClInclude>
    <ClInclude Include="SourceCode\Engine\LIGHTING.h">
      <Filter>Engine\Lighting</Filter>
    </ClInclude>
    <ClInclude Include="SourceCode\Engine\MODEL.h">
      <Filter>Engine\Model</Filter>
    </ClInclude>
    <ClInclude Include="SourceCode\Engine\MODEL_RESOURCE.h">
      <Filter>Engine\Model</Filter>
    </ClInclude>
    <ClInclude Include="SourceCode\Engine\RASTERIZER.h">
      <Filter>Engine\Rasterizer Manager</Filter>
    </ClInclude>
    <ClInclude Include="SourceCode\Engine\TEXTURE_MANAGER.h">
      <Filter>Engine\Resource Manager</Filter>
    </ClInclude>
    <ClInclude Include="SourceCode\Engine\ResourceManager.h">
      <Filter>Engine\Resource Manager</Filter>
    </ClInclude>
    <ClInclude Include="SourceCode\Engine\SHADERS.h">
      <Filter>Engine\Shaders</Filter>
    </ClInclude>
    <ClInclude Include="SourceCode\Engine\Sprite.h">
      <Filter>Engine\Sprite</Filter>
    </ClInclude>
    <ClInclude Include="SourceCode\Engine\System.h">
      <Filter>Engine\Main System Files</Filter>
    </ClInclude>
    <ClInclude Include="SourceCode\Engine\EFFECTS.h">
      <Filter>Engine\Effects</Filter>
    </ClInclude>
    <ClInclude Include="SourceCode\Engine\Text.h">
      <Filter>Engine\Text</Filter>
    </ClInclude>
    <ClInclude Include="SourceCode\Components\BGM.h">
      <Filter>Components\BGM</Filter>
    </ClInclude>
    <ClInclude Include="SourceCode\Components\CAMERA_COMPONENT.h">
      <Filter>Components\Unused Components\CAMERA_COMPONENT</Filter>
    </ClInclude>
    <ClInclude Include="SourceCode\Components\CAPSULE_COLLIDER.h">
      <Filter>Components\Capsule Collider</Filter>
    </ClInclude>
    <ClInclude Include="SourceCode\Components\DIRECTIONAL_LIGHT.h">
      <Filter>Components\Directional Light</Filter>
    </ClInclude>
    <ClInclude Include="SourceCode\Components\EFFECT.h">
      <Filter>Components\Unused Components\Effect</Filter>
    </ClInclude>
    <ClInclude Include="SourceCode\Components\ENEMY_CONTROLLER.h">
      <Filter>Components\Enemy Controller</Filter>
    </ClInclude>
    <ClInclude Include="SourceCode\Components\ENVIRONMENTAL_AUDIO.h">
      <Filter>Components\Environmental Audio</Filter>
    </ClInclude>
    <ClInclude Include="SourceCode\Components\MESH.h">
      <Filter>Components\Mesh</Filter>
    </ClInclude>
    <ClInclude Include="SourceCode\Components\MESH_COLLIDER.h">
      <Filter>Components\Mesh Collider</Filter>
    </ClInclude>
    <ClInclude Include="SourceCode\Components\OBB_COLLIDER.h">
      <Filter>Components\OBB Collider</Filter>
    </ClInclude>
    <ClInclude Include="SourceCode\Components\OBB_TERRAIN.h">
      <Filter>Components\Unused Components\OBB Terrain</Filter>
    </ClInclude>
    <ClInclude Include="SourceCode\Components\PLAYER_CONTROLLER.h">
      <Filter>Components\Player Controller</Filter>
    </ClInclude>
    <ClInclude Include="SourceCode\Components\POINT_LIGHT.h">
      <Filter>Components\Point Light</Filter>
    </ClInclude>
    <ClInclude Include="SourceCode\Components\SPHERE_COLLIDER.h">
      <Filter>Components\Sphere Collider</Filter>
    </ClInclude>
    <ClInclude Include="SourceCode\Components\SPOTLIGHT.h">
      <Filter>Components\Spotlight</Filter>
    </ClInclude>
    <ClInclude Include="SourceCode\Components\SPRITE_2D.h">
      <Filter>Components\Sprite 2D</Filter>
    </ClInclude>
    <ClInclude Include="SourceCode\Components\TERRAIN_AUDIO.h">
      <Filter>Components\Terrain Audio</Filter>
    </ClInclude>
    <ClInclude Include="SourceCode\Components\TRANSFORM_2D.h">
      <Filter>Components\Transform 2D</Filter>
    </ClInclude>
    <ClInclude Include="SourceCode\Components\TRANSFORM_3D.h">
      <Filter>Components\Transform 3D</Filter>
    </ClInclude>
    <ClInclude Include="SourceCode\Components\NPCDialogue.h">
      <Filter>Components\NPC Dialogue</Filter>
    </ClInclude>
  </ItemGroup>
  <ItemGroup>
    <None Include="Shaders\PhongShader.fx">
      <Filter>Shaders</Filter>
    </None>
    <None Include="Shaders\Shader_2d.fx">
      <Filter>Shaders</Filter>
    </None>
    <None Include="Shaders\Shader_3d.fx">
      <Filter>Shaders</Filter>
    </None>
    <None Include="Shaders\Base3DShader.fx">
      <Filter>Shaders</Filter>
    </None>
    <None Include="Shaders\DebugShader.fx">
      <Filter>Shaders</Filter>
    </None>
    <None Include="Shaders\OutlineShader.fx">
      <Filter>Shaders</Filter>
    </None>
  </ItemGroup>
</Project>